Microsoft Visual Studio Solution File, Format Version 11.00
# Visual C++ Express 2010
Project("{8BC9CEB8-8B4A-11D0-8D11-00A0C91BC942}") = "botlib", "botlib.vcxproj", "{A410161F-AE9F-485D-A01F-5294891430A6}"
EndProject
Project("{8BC9CEB8-8B4A-11D0-8D11-00A0C91BC942}") = "cgame", "cgame.vcxproj", "{C878E295-CB82-4B40-8ECF-5CE5525466FA}"
EndProject
Project("{8BC9CEB8-8B4A-11D0-8D11-00A0C91BC942}") = "game", "game.vcxproj", "{F9EE10DA-2404-4154-B904-F93C936C040A}"
EndProject
Project("{8BC9CEB8-8B4A-11D0-8D11-00A0C91BC942}") = "q3_ui", "q3_ui.vcxproj", "{D454C4C7-7765-4149-ABAD-05FDEB9D94F8}"
EndProject
Project("{8BC9CEB8-8B4A-11D0-8D11-00A0C91BC942}") = "quake3", "quake3.vcxproj", "{81CB51C4-B434-4E12-B69B-BAEE102F2852}"
EndProject
Project("{8BC9CEB8-8B4A-11D0-8D11-00A0C91BC942}") = "renderer", "renderer.vcxproj", "{AB424155-FBED-4D8D-B007-5B6CF93EA395}"
EndProject
Project("{8BC9CEB8-8B4A-11D0-8D11-00A0C91BC942}") = "ui", "ui.vcxproj", "{A8EAC38E-C7DA-42F8-811D-77FD092B9D19}"
EndProject
Global
	GlobalSection(SolutionConfigurationPlatforms) = preSolution
		Debug Alpha|Win32 = Debug Alpha|Win32
		Debug TA DEMO|Win32 = Debug TA DEMO|Win32
		Debug TA|Win32 = Debug TA|Win32
		Debug|Win32 = Debug|Win32
		Release Alpha|Win32 = Release Alpha|Win32
		Release TA DEMO|Win32 = Release TA DEMO|Win32
		Release TA|Win32 = Release TA|Win32
		Release|Win32 = Release|Win32
		vector|Win32 = vector|Win32
	EndGlobalSection
	GlobalSection(ProjectConfigurationPlatforms) = postSolution
		{A410161F-AE9F-485D-A01F-5294891430A6}.Debug Alpha|Win32.ActiveCfg = Debug TA|Win32
		{A410161F-AE9F-485D-A01F-5294891430A6}.Debug Alpha|Win32.Build.0 = Debug TA|Win32
		{A410161F-AE9F-485D-A01F-5294891430A6}.Debug TA DEMO|Win32.ActiveCfg = Debug TA|Win32
		{A410161F-AE9F-485D-A01F-5294891430A6}.Debug TA DEMO|Win32.Build.0 = Debug TA|Win32
		{A410161F-AE9F-485D-A01F-5294891430A6}.Debug TA|Win32.ActiveCfg = Debug TA|Win32
		{A410161F-AE9F-485D-A01F-5294891430A6}.Debug TA|Win32.Build.0 = Debug TA|Win32
		{A410161F-AE9F-485D-A01F-5294891430A6}.Debug|Win32.ActiveCfg = Debug|Win32
		{A410161F-AE9F-485D-A01F-5294891430A6}.Debug|Win32.Build.0 = Debug|Win32
		{A410161F-AE9F-485D-A01F-5294891430A6}.Release Alpha|Win32.ActiveCfg = Release TA|Win32
		{A410161F-AE9F-485D-A01F-5294891430A6}.Release Alpha|Win32.Build.0 = Release TA|Win32
		{A410161F-AE9F-485D-A01F-5294891430A6}.Release TA DEMO|Win32.ActiveCfg = Release TA|Win32
		{A410161F-AE9F-485D-A01F-5294891430A6}.Release TA DEMO|Win32.Build.0 = Release TA|Win32
		{A410161F-AE9F-485D-A01F-5294891430A6}.Release TA|Win32.ActiveCfg = Release TA|Win32
		{A410161F-AE9F-485D-A01F-5294891430A6}.Release TA|Win32.Build.0 = Release TA|Win32
		{A410161F-AE9F-485D-A01F-5294891430A6}.Release|Win32.ActiveCfg = Release|Win32
		{A410161F-AE9F-485D-A01F-5294891430A6}.Release|Win32.Build.0 = Release|Win32
		{A410161F-AE9F-485D-A01F-5294891430A6}.vector|Win32.ActiveCfg = vector|Win32
		{A410161F-AE9F-485D-A01F-5294891430A6}.vector|Win32.Build.0 = vector|Win32
		{C878E295-CB82-4B40-8ECF-5CE5525466FA}.Debug Alpha|Win32.ActiveCfg = Debug TA|Win32
		{C878E295-CB82-4B40-8ECF-5CE5525466FA}.Debug Alpha|Win32.Build.0 = Debug TA|Win32
		{C878E295-CB82-4B40-8ECF-5CE5525466FA}.Debug TA DEMO|Win32.ActiveCfg = Debug TA|Win32
		{C878E295-CB82-4B40-8ECF-5CE5525466FA}.Debug TA DEMO|Win32.Build.0 = Debug TA|Win32
		{C878E295-CB82-4B40-8ECF-5CE5525466FA}.Debug TA|Win32.ActiveCfg = Debug TA|Win32
		{C878E295-CB82-4B40-8ECF-5CE5525466FA}.Debug TA|Win32.Build.0 = Debug TA|Win32
		{C878E295-CB82-4B40-8ECF-5CE5525466FA}.Debug|Win32.ActiveCfg = Debug|Win32
		{C878E295-CB82-4B40-8ECF-5CE5525466FA}.Debug|Win32.Build.0 = Debug|Win32
		{C878E295-CB82-4B40-8ECF-5CE5525466FA}.Release Alpha|Win32.ActiveCfg = Release TA|Win32
		{C878E295-CB82-4B40-8ECF-5CE5525466FA}.Release Alpha|Win32.Build.0 = Release TA|Win32
		{C878E295-CB82-4B40-8ECF-5CE5525466FA}.Release TA DEMO|Win32.ActiveCfg = Release TA|Win32
		{C878E295-CB82-4B40-8ECF-5CE5525466FA}.Release TA DEMO|Win32.Build.0 = Release TA|Win32
		{C878E295-CB82-4B40-8ECF-5CE5525466FA}.Release TA|Win32.ActiveCfg = Release TA|Win32
		{C878E295-CB82-4B40-8ECF-5CE5525466FA}.Release TA|Win32.Build.0 = Release TA|Win32
		{C878E295-CB82-4B40-8ECF-5CE5525466FA}.Release|Win32.ActiveCfg = Release|Win32
		{C878E295-CB82-4B40-8ECF-5CE5525466FA}.vector|Win32.ActiveCfg = Release|Win32
		{C878E295-CB82-4B40-8ECF-5CE5525466FA}.vector|Win32.Build.0 = Release|Win32
		{F9EE10DA-2404-4154-B904-F93C936C040A}.Debug Alpha|Win32.ActiveCfg = Debug Alpha|Win32
		{F9EE10DA-2404-4154-B904-F93C936C040A}.Debug Alpha|Win32.Build.0 = Debug Alpha|Win32
		{F9EE10DA-2404-4154-B904-F93C936C040A}.Debug TA DEMO|Win32.ActiveCfg = Debug TA|Win32
		{F9EE10DA-2404-4154-B904-F93C936C040A}.Debug TA DEMO|Win32.Build.0 = Debug TA|Win32
		{F9EE10DA-2404-4154-B904-F93C936C040A}.Debug TA|Win32.ActiveCfg = Debug TA|Win32
		{F9EE10DA-2404-4154-B904-F93C936C040A}.Debug TA|Win32.Build.0 = Debug TA|Win32
		{F9EE10DA-2404-4154-B904-F93C936C040A}.Debug|Win32.ActiveCfg = Debug|Win32
		{F9EE10DA-2404-4154-B904-F93C936C040A}.Debug|Win32.Build.0 = Debug|Win32
		{F9EE10DA-2404-4154-B904-F93C936C040A}.Release Alpha|Win32.ActiveCfg = Release Alpha|Win32
		{F9EE10DA-2404-4154-B904-F93C936C040A}.Release Alpha|Win32.Build.0 = Release Alpha|Win32
		{F9EE10DA-2404-4154-B904-F93C936C040A}.Release TA DEMO|Win32.ActiveCfg = Release TA|Win32
		{F9EE10DA-2404-4154-B904-F93C936C040A}.Release TA DEMO|Win32.Build.0 = Release TA|Win32
		{F9EE10DA-2404-4154-B904-F93C936C040A}.Release TA|Win32.ActiveCfg = Release TA|Win32
		{F9EE10DA-2404-4154-B904-F93C936C040A}.Release TA|Win32.Build.0 = Release TA|Win32
		{F9EE10DA-2404-4154-B904-F93C936C040A}.Release|Win32.ActiveCfg = Release|Win32
		{F9EE10DA-2404-4154-B904-F93C936C040A}.vector|Win32.ActiveCfg = Release|Win32
		{F9EE10DA-2404-4154-B904-F93C936C040A}.vector|Win32.Build.0 = Release|Win32
		{D454C4C7-7765-4149-ABAD-05FDEB9D94F8}.Debug Alpha|Win32.ActiveCfg = Debug TA|Win32
		{D454C4C7-7765-4149-ABAD-05FDEB9D94F8}.Debug Alpha|Win32.Build.0 = Debug TA|Win32
		{D454C4C7-7765-4149-ABAD-05FDEB9D94F8}.Debug TA DEMO|Win32.ActiveCfg = Debug TA|Win32
		{D454C4C7-7765-4149-ABAD-05FDEB9D94F8}.Debug TA DEMO|Win32.Build.0 = Debug TA|Win32
		{D454C4C7-7765-4149-ABAD-05FDEB9D94F8}.Debug TA|Win32.ActiveCfg = Debug TA|Win32
		{D454C4C7-7765-4149-ABAD-05FDEB9D94F8}.Debug|Win32.ActiveCfg = Debug|Win32
		{D454C4C7-7765-4149-ABAD-05FDEB9D94F8}.Debug|Win32.Build.0 = Debug|Win32
		{D454C4C7-7765-4149-ABAD-05FDEB9D94F8}.Release Alpha|Win32.ActiveCfg = Release TA|Win32
		{D454C4C7-7765-4149-ABAD-05FDEB9D94F8}.Release Alpha|Win32.Build.0 = Release TA|Win32
		{D454C4C7-7765-4149-ABAD-05FDEB9D94F8}.Release TA DEMO|Win32.ActiveCfg = Release TA|Win32
		{D454C4C7-7765-4149-ABAD-05FDEB9D94F8}.Release TA DEMO|Win32.Build.0 = Release TA|Win32
		{D454C4C7-7765-4149-ABAD-05FDEB9D94F8}.Release TA|Win32.ActiveCfg = Release TA|Win32
		{D454C4C7-7765-4149-ABAD-05FDEB9D94F8}.Release|Win32.ActiveCfg = Release|Win32
		{D454C4C7-7765-4149-ABAD-05FDEB9D94F8}.vector|Win32.ActiveCfg = Release|Win32
		{D454C4C7-7765-4149-ABAD-05FDEB9D94F8}.vector|Win32.Build.0 = Release|Win32
		{81CB51C4-B434-4E12-B69B-BAEE102F2852}.Debug Alpha|Win32.ActiveCfg = Debug TA|Win32
		{81CB51C4-B434-4E12-B69B-BAEE102F2852}.Debug Alpha|Win32.Build.0 = Debug TA|Win32
		{81CB51C4-B434-4E12-B69B-BAEE102F2852}.Debug TA DEMO|Win32.ActiveCfg = Debug TA DEMO|Win32
		{81CB51C4-B434-4E12-B69B-BAEE102F2852}.Debug TA DEMO|Win32.Build.0 = Debug TA DEMO|Win32
		{81CB51C4-B434-4E12-B69B-BAEE102F2852}.Debug TA|Win32.ActiveCfg = Debug TA|Win32
		{81CB51C4-B434-4E12-B69B-BAEE102F2852}.Debug TA|Win32.Build.0 = Debug TA|Win32
		{81CB51C4-B434-4E12-B69B-BAEE102F2852}.Debug|Win32.ActiveCfg = Debug|Win32
		{81CB51C4-B434-4E12-B69B-BAEE102F2852}.Debug|Win32.Build.0 = Debug|Win32
		{81CB51C4-B434-4E12-B69B-BAEE102F2852}.Release Alpha|Win32.ActiveCfg = Release TA|Win32
		{81CB51C4-B434-4E12-B69B-BAEE102F2852}.Release Alpha|Win32.Build.0 = Release TA|Win32
		{81CB51C4-B434-4E12-B69B-BAEE102F2852}.Release TA DEMO|Win32.ActiveCfg = Release TA DEMO|Win32
		{81CB51C4-B434-4E12-B69B-BAEE102F2852}.Release TA DEMO|Win32.Build.0 = Release TA DEMO|Win32
		{81CB51C4-B434-4E12-B69B-BAEE102F2852}.Release TA|Win32.ActiveCfg = Release TA|Win32
		{81CB51C4-B434-4E12-B69B-BAEE102F2852}.Release TA|Win32.Build.0 = Release TA|Win32
		{81CB51C4-B434-4E12-B69B-BAEE102F2852}.Release|Win32.ActiveCfg = Release|Win32
		{81CB51C4-B434-4E12-B69B-BAEE102F2852}.Release|Win32.Build.0 = Release|Win32
		{81CB51C4-B434-4E12-B69B-BAEE102F2852}.vector|Win32.ActiveCfg = vector|Win32
		{81CB51C4-B434-4E12-B69B-BAEE102F2852}.vector|Win32.Build.0 = vector|Win32
		{AB424155-FBED-4D8D-B007-5B6CF93EA395}.Debug Alpha|Win32.ActiveCfg = Debug TA|Win32
		{AB424155-FBED-4D8D-B007-5B6CF93EA395}.Debug Alpha|Win32.Build.0 = Debug TA|Win32
		{AB424155-FBED-4D8D-B007-5B6CF93EA395}.Debug TA DEMO|Win32.ActiveCfg = Debug TA|Win32
		{AB424155-FBED-4D8D-B007-5B6CF93EA395}.Debug TA DEMO|Win32.Build.0 = Debug TA|Win32
		{AB424155-FBED-4D8D-B007-5B6CF93EA395}.Debug TA|Win32.ActiveCfg = Debug TA|Win32
		{AB424155-FBED-4D8D-B007-5B6CF93EA395}.Debug TA|Win32.Build.0 = Debug TA|Win32
		{AB424155-FBED-4D8D-B007-5B6CF93EA395}.Debug|Win32.ActiveCfg = Debug|Win32
		{AB424155-FBED-4D8D-B007-5B6CF93EA395}.Debug|Win32.Build.0 = Debug|Win32
		{AB424155-FBED-4D8D-B007-5B6CF93EA395}.Release Alpha|Win32.ActiveCfg = Release TA|Win32
		{AB424155-FBED-4D8D-B007-5B6CF93EA395}.Release Alpha|Win32.Build.0 = Release TA|Win32
		{AB424155-FBED-4D8D-B007-5B6CF93EA395}.Release TA DEMO|Win32.ActiveCfg = Release TA|Win32
		{AB424155-FBED-4D8D-B007-5B6CF93EA395}.Release TA DEMO|Win32.Build.0 = Release TA|Win32
		{AB424155-FBED-4D8D-B007-5B6CF93EA395}.Release TA|Win32.ActiveCfg = Release TA|Win32
		{AB424155-FBED-4D8D-B007-5B6CF93EA395}.Release TA|Win32.Build.0 = Release TA|Win32
		{AB424155-FBED-4D8D-B007-5B6CF93EA395}.Release|Win32.ActiveCfg = Release|Win32
		{AB424155-FBED-4D8D-B007-5B6CF93EA395}.Release|Win32.Build.0 = Release|Win32
		{AB424155-FBED-4D8D-B007-5B6CF93EA395}.vector|Win32.ActiveCfg = vector|Win32
		{AB424155-FBED-4D8D-B007-5B6CF93EA395}.vector|Win32.Build.0 = vector|Win32
		{A8EAC38E-C7DA-42F8-811D-77FD092B9D19}.Debug Alpha|Win32.ActiveCfg = Debug TA|Win32
		{A8EAC38E-C7DA-42F8-811D-77FD092B9D19}.Debug Alpha|Win32.Build.0 = Debug TA|Win32
		{A8EAC38E-C7DA-42F8-811D-77FD092B9D19}.Debug TA DEMO|Win32.ActiveCfg = Debug TA|Win32
		{A8EAC38E-C7DA-42F8-811D-77FD092B9D19}.Debug TA DEMO|Win32.Build.0 = Debug TA|Win32
		{A8EAC38E-C7DA-42F8-811D-77FD092B9D19}.Debug TA|Win32.ActiveCfg = Debug TA|Win32
		{A8EAC38E-C7DA-42F8-811D-77FD092B9D19}.Debug TA|Win32.Build.0 = Debug TA|Win32
		{A8EAC38E-C7DA-42F8-811D-77FD092B9D19}.Debug|Win32.ActiveCfg = Debug|Win32
		{A8EAC38E-C7DA-42F8-811D-77FD092B9D19}.Release Alpha|Win32.ActiveCfg = Release TA|Win32
		{A8EAC38E-C7DA-42F8-811D-77FD092B9D19}.Release Alpha|Win32.Build.0 = Release TA|Win32
		{A8EAC38E-C7DA-42F8-811D-77FD092B9D19}.Release TA DEMO|Win32.ActiveCfg = Release TA|Win32
		{A8EAC38E-C7DA-42F8-811D-77FD092B9D19}.Release TA DEMO|Win32.Build.0 = Release TA|Win32
		{A8EAC38E-C7DA-42F8-811D-77FD092B9D19}.Release TA|Win32.ActiveCfg = Release TA|Win32
		{A8EAC38E-C7DA-42F8-811D-77FD092B9D19}.Release TA|Win32.Build.0 = Release TA|Win32
		{A8EAC38E-C7DA-42F8-811D-77FD092B9D19}.Release|Win32.ActiveCfg = Release|Win32
		{A8EAC38E-C7DA-42F8-811D-77FD092B9D19}.vector|Win32.ActiveCfg = vector|Win32
		{A8EAC38E-C7DA-42F8-811D-77FD092B9D19}.vector|Win32.Build.0 = vector|Win32
	EndGlobalSection
	GlobalSection(SolutionProperties) = preSolution
		HideSolutionNode = FALSE
	EndGlobalSection
EndGlobal
